// !$*UTF8*$!
{
	archiveVersion = 1;
	classes = {
	};
	objectVersion = 46;
	objects = {

/* Begin PBXBuildFile section */
		6F33F45D1C8DEA3B007391BA /* main.cpp in Sources */ = {isa = PBXBuildFile; fileRef = 6F33F45C1C8DEA3B007391BA /* main.cpp */; };
		6F33F45F1C8E1AD1007391BA /* texture.h in Sources */ = {isa = PBXBuildFile; fileRef = 6F33F45E1C8E1AD1007391BA /* texture.h */; };
		6F33F4611C8E1C43007391BA /* color.h in Sources */ = {isa = PBXBuildFile; fileRef = 6F33F4601C8E1C43007391BA /* color.h */; };
		6F33F4631C8E1C95007391BA /* vector3D.h in Sources */ = {isa = PBXBuildFile; fileRef = 6F33F4621C8E1C95007391BA /* vector3D.h */; };
		6F9ABE011C8F7249005911D5 /* shader.h in Sources */ = {isa = PBXBuildFile; fileRef = 6F9ABE001C8F7249005911D5 /* shader.h */; };
		6F9ABE031C8F72CF005911D5 /* light.h in Sources */ = {isa = PBXBuildFile; fileRef = 6F9ABE021C8F72CF005911D5 /* light.h */; };
		6F9ABE051C8F732A005911D5 /* view.h in Sources */ = {isa = PBXBuildFile; fileRef = 6F9ABE041C8F732A005911D5 /* view.h */; };
		6F9ABE071C8F738F005911D5 /* anyobject.h in Sources */ = {isa = PBXBuildFile; fileRef = 6F9ABE061C8F738F005911D5 /* anyobject.h */; };
		6FB9C17C1C5186DF00893140 /* GLUT.framework in Frameworks */ = {isa = PBXBuildFile; fileRef = 6FB9C17B1C5186DF00893140 /* GLUT.framework */; };
		6FB9C17E1C5186E500893140 /* OpenGL.framework in Frameworks */ = {isa = PBXBuildFile; fileRef = 6FB9C17D1C5186E500893140 /* OpenGL.framework */; };
/* End PBXBuildFile section */

/* Begin PBXCopyFilesBuildPhase section */
		6FB9C16F1C5186BC00893140 /* CopyFiles */ = {
			isa = PBXCopyFilesBuildPhase;
			buildActionMask = 2147483647;
			dstPath = /usr/share/man/man1/;
			dstSubfolderSpec = 0;
			files = (
			);
			runOnlyForDeploymentPostprocessing = 1;
		};
/* End PBXCopyFilesBuildPhase section */

/* Begin PBXFileReference section */
		6F33F45C1C8DEA3B007391BA /* main.cpp */ = {isa = PBXFileReference; fileEncoding = 4; lastKnownFileType = sourcecode.cpp.cpp; path = main.cpp; sourceTree = "<group>"; };
		6F33F45E1C8E1AD1007391BA /* texture.h */ = {isa = PBXFileReference; fileEncoding = 4; lastKnownFileType = sourcecode.c.h; path = texture.h; sourceTree = "<group>"; };
		6F33F4601C8E1C43007391BA /* color.h */ = {isa = PBXFileReference; fileEncoding = 4; lastKnownFileType = sourcecode.c.h; path = color.h; sourceTree = "<group>"; };
		6F33F4621C8E1C95007391BA /* vector3D.h */ = {isa = PBXFileReference; fileEncoding = 4; lastKnownFileType = sourcecode.c.h; path = vector3D.h; sourceTree = "<group>"; };
		6F9ABE001C8F7249005911D5 /* shader.h */ = {isa = PBXFileReference; fileEncoding = 4; lastKnownFileType = sourcecode.c.h; path = shader.h; sourceTree = "<group>"; };
		6F9ABE021C8F72CF005911D5 /* light.h */ = {isa = PBXFileReference; fileEncoding = 4; lastKnownFileType = sourcecode.c.h; path = light.h; sourceTree = "<group>"; };
		6F9ABE041C8F732A005911D5 /* view.h */ = {isa = PBXFileReference; fileEncoding = 4; lastKnownFileType = sourcecode.c.h; path = view.h; sourceTree = "<group>"; };
		6F9ABE061C8F738F005911D5 /* anyobject.h */ = {isa = PBXFileReference; fileEncoding = 4; lastKnownFileType = sourcecode.c.h; path = anyobject.h; sourceTree = "<group>"; };
		6FB9C1711C5186BC00893140 /* image_synthesis */ = {isa = PBXFileReference; explicitFileType = "compiled.mach-o.executable"; includeInIndex = 0; path = image_synthesis; sourceTree = BUILT_PRODUCTS_DIR; };
		6FB9C17B1C5186DF00893140 /* GLUT.framework */ = {isa = PBXFileReference; lastKnownFileType = wrapper.framework; name = GLUT.framework; path = System/Library/Frameworks/GLUT.framework; sourceTree = SDKROOT; };
		6FB9C17D1C5186E500893140 /* OpenGL.framework */ = {isa = PBXFileReference; lastKnownFileType = wrapper.framework; name = OpenGL.framework; path = System/Library/Frameworks/OpenGL.framework; sourceTree = SDKROOT; };
/* End PBXFileReference section */

/* Begin PBXFrameworksBuildPhase section */
		6FB9C16E1C5186BC00893140 /* Frameworks */ = {
			isa = PBXFrameworksBuildPhase;
			buildActionMask = 2147483647;
			files = (
				6FB9C17E1C5186E500893140 /* OpenGL.framework in Frameworks */,
				6FB9C17C1C5186DF00893140 /* GLUT.framework in Frameworks */,
			);
			runOnlyForDeploymentPostprocessing = 0;
		};
/* End PBXFrameworksBuildPhase section */

/* Begin PBXGroup section */
		6FB9C1681C5186BC00893140 = {
			isa = PBXGroup;
			children = (
				6FB9C17D1C5186E500893140 /* OpenGL.framework */,
				6FB9C17B1C5186DF00893140 /* GLUT.framework */,
				6FB9C1731C5186BC00893140 /* image_synthesis */,
				6FB9C1721C5186BC00893140 /* Products */,
			);
			sourceTree = "<group>";
		};
		6FB9C1721C5186BC00893140 /* Products */ = {
			isa = PBXGroup;
			children = (
				6FB9C1711C5186BC00893140 /* image_synthesis */,
			);
			name = Products;
			sourceTree = "<group>";
		};
		6FB9C1731C5186BC00893140 /* image_synthesis */ = {
			isa = PBXGroup;
			children = (
				6F33F45C1C8DEA3B007391BA /* main.cpp */,
				6F33F45E1C8E1AD1007391BA /* texture.h */,
				6F33F4601C8E1C43007391BA /* color.h */,
				6F33F4621C8E1C95007391BA /* vector3D.h */,
				6F9ABE001C8F7249005911D5 /* shader.h */,
				6F9ABE021C8F72CF005911D5 /* light.h */,
				6F9ABE041C8F732A005911D5 /* view.h */,
				6F9ABE061C8F738F005911D5 /* anyobject.h */,
			);
			path = image_synthesis;
			sourceTree = "<group>";
		};
/* End PBXGroup section */

/* Begin PBXNativeTarget section */
		6FB9C1701C5186BC00893140 /* image_synthesis */ = {
			isa = PBXNativeTarget;
			buildConfigurationList = 6FB9C1781C5186BC00893140 /* Build configuration list for PBXNativeTarget "image_synthesis" */;
			buildPhases = (
				6FB9C16D1C5186BC00893140 /* Sources */,
				6FB9C16E1C5186BC00893140 /* Frameworks */,
				6FB9C16F1C5186BC00893140 /* CopyFiles */,
			);
			buildRules = (
			);
			dependencies = (
			);
			name = image_synthesis;
			productName = image_synthesis;
			productReference = 6FB9C1711C5186BC00893140 /* image_synthesis */;
			productType = "com.apple.product-type.tool";
		};
/* End PBXNativeTarget section */

/* Begin PBXProject section */
		6FB9C1691C5186BC00893140 /* Project object */ = {
			isa = PBXProject;
			attributes = {
				LastUpgradeCheck = 0720;
				ORGANIZATIONNAME = zl;
				TargetAttributes = {
					6FB9C1701C5186BC00893140 = {
						CreatedOnToolsVersion = 7.2;
					};
				};
			};
			buildConfigurationList = 6FB9C16C1C5186BC00893140 /* Build configuration list for PBXProject "image_synthesis" */;
			compatibilityVersion = "Xcode 3.2";
			developmentRegion = English;
			hasScannedForEncodings = 0;
			knownRegions = (
				en,
			);
			mainGroup = 6FB9C1681C5186BC00893140;
			productRefGroup = 6FB9C1721C5186BC00893140 /* Products */;
			projectDirPath = "";
			projectRoot = "";
			targets = (
				6FB9C1701C5186BC00893140 /* image_synthesis */,
			);
		};
/* End PBXProject section */

/* Begin PBXSourcesBuildPhase section */
		6FB9C16D1C5186BC00893140 /* Sources */ = {
			isa = PBXSourcesBuildPhase;
			buildActionMask = 2147483647;
			files = (
				6F9ABE011C8F7249005911D5 /* shader.h in Sources */,
				6F33F45D1C8DEA3B007391BA /* main.cpp in Sources */,
				6F9ABE031C8F72CF005911D5 /* light.h in Sources */,
				6F9ABE051C8F732A005911D5 /* view.h in Sources */,
				6F33F4611C8E1C43007391BA /* color.h in Sources */,
				6F9ABE071C8F738F005911D5 /* anyobject.h in Sources */,
				6F33F45F1C8E1AD1007391BA /* texture.h in Sources */,
				6F33F4631C8E1C95007391BA /* vector3D.h in Sources */,
			);
			runOnlyForDeploymentPostprocessing = 0;
		};
/* End PBXSourcesBuildPhase section */

/* Begin XCBuildConfiguration section */
		6FB9C1761C5186BC00893140 /* Debug */ = {
			isa = XCBuildConfiguration;
			buildSettings = {
				ALWAYS_SEARCH_USER_PATHS = NO;
				CLANG_CXX_LANGUAGE_STANDARD = "gnu++0x";
				CLANG_CXX_LIBRARY = "libc++";
				CLANG_ENABLE_MODULES = YES;
				CLANG_ENABLE_OBJC_ARC = YES;
				CLANG_WARN_BOOL_CONVERSION = YES;
				CLANG_WARN_CONSTANT_CONVERSION = YES;
				CLANG_WARN_DIRECT_OBJC_ISA_USAGE = YES_ERROR;
				CLANG_WARN_EMPTY_BODY = YES;
				CLANG_WARN_ENUM_CONVERSION = YES;
				CLANG_WARN_INT_CONVERSION = YES;
				CLANG_WARN_OBJC_ROOT_CLASS = YES_ERROR;
				CLANG_WARN_UNREACHABLE_CODE = YES;
				CLANG_WARN__DUPLICATE_METHOD_MATCH = YES;
				CODE_SIGN_IDENTITY = "-";
				COPY_PHASE_STRIP = NO;
				DEBUG_INFORMATION_FORMAT = dwarf;
				ENABLE_STRICT_OBJC_MSGSEND = YES;
				ENABLE_TESTABILITY = YES;
				GCC_C_LANGUAGE_STANDARD = gnu99;
				GCC_DYNAMIC_NO_PIC = NO;
				GCC_NO_COMMON_BLOCKS = YES;
				GCC_OPTIMIZATION_LEVEL = 0;
				GCC_PREPROCESSOR_DEFINITIONS = (
					"DEBUG=1",
					"$(inherited)",
				);
				GCC_WARN_64_TO_32_BIT_CONVERSION = YES;
				GCC_WARN_ABOUT_RETURN_TYPE = YES_ERROR;
				GCC_WARN_UNDECLARED_SELECTOR = YES;
				GCC_WARN_UNINITIALIZED_AUTOS = YES_AGGRESSIVE;
				GCC_WARN_UNUSED_FUNCTION = YES;
				GCC_WARN_UNUSED_VARIABLE = YES;
				MACOSX_DEPLOYMENT_TARGET = 10.11;
				MTL_ENABLE_DEBUG_INFO = YES;
				ONLY_ACTIVE_ARCH = YES;
				SDKROOT = macosx;
			};
			name = Debug;
		};
		6FB9C1771C5186BC00893140 /* Release */ = {
			isa = XCBuildConfiguration;
			buildSettings = {
				ALWAYS_SEARCH_USER_PATHS = NO;
				CLANG_CXX_LANGUAGE_STANDARD = "gnu++0x";
				CLANG_CXX_LIBRARY = "libc++";
				CLANG_ENABLE_MODULES = YES;
				CLANG_ENABLE_OBJC_ARC = YES;
				CLANG_WARN_BOOL_CONVERSION = YES;
				CLANG_WARN_CONSTANT_CONVERSION = YES;
				CLANG_WARN_DIRECT_OBJC_ISA_USAGE = YES_ERROR;
				CLANG_WARN_EMPTY_BODY = YES;
				CLANG_WARN_ENUM_CONVERSION = YES;
				CLANG_WARN_INT_CONVERSION = YES;
				CLANG_WARN_OBJC_ROOT_CLASS = YES_ERROR;
				CLANG_WARN_UNREACHABLE_CODE = YES;
				CLANG_WARN__DUPLICATE_METHOD_MATCH = YES;
				CODE_SIGN_IDENTITY = "-";
				COPY_PHASE_STRIP = NO;
				DEBUG_INFORMATION_FORMAT = "dwarf-with-dsym";
				ENABLE_NS_ASSERTIONS = NO;
				ENABLE_STRICT_OBJC_MSGSEND = YES;
				GCC_C_LANGUAGE_STANDARD = gnu99;
				GCC_NO_COMMON_BLOCKS = YES;
				GCC_WARN_64_TO_32_BIT_CONVERSION = YES;
				GCC_WARN_ABOUT_RETURN_TYPE = YES_ERROR;
				GCC_WARN_UNDECLARED_SELECTOR = YES;
				GCC_WARN_UNINITIALIZED_AUTOS = YES_AGGRESSIVE;
				GCC_WARN_UNUSED_FUNCTION = YES;
				GCC_WARN_UNUSED_VARIABLE = YES;
				MACOSX_DEPLOYMENT_TARGET = 10.11;
				MTL_ENABLE_DEBUG_INFO = NO;
				SDKROOT = macosx;
			};
			name = Release;
		};
		6FB9C1791C5186BC00893140 /* Debug */ = {
			isa = XCBuildConfiguration;
			buildSettings = {
				PRODUCT_NAME = "$(TARGET_NAME)";
			};
			name = Debug;
		};
		6FB9C17A1C5186BC00893140 /* Release */ = {
			isa = XCBuildConfiguration;
			buildSettings = {
				ONLY_ACTIVE_ARCH = YES;
				PRODUCT_NAME = "$(TARGET_NAME)";
			};
			name = Release;
		};
/* End XCBuildConfiguration section */

/* Begin XCConfigurationList section */
		6FB9C16C1C5186BC00893140 /* Build configuration list for PBXProject "image_synthesis" */ = {
			isa = XCConfigurationList;
			buildConfigurations = (
				6FB9C1761C5186BC00893140 /* Debug */,
				6FB9C1771C5186BC00893140 /* Release */,
			);
			defaultConfigurationIsVisible = 0;
			defaultConfigurationName = Release;
		};
		6FB9C1781C5186BC00893140 /* Build configuration list for PBXNativeTarget "image_synthesis" */ = {
			isa = XCConfigurationList;
			buildConfigurations = (
				6FB9C1791C5186BC00893140 /* Debug */,
				6FB9C17A1C5186BC00893140 /* Release */,
			);
			defaultConfigurationIsVisible = 0;
			defaultConfigurationName = Release;
		};
/* End XCConfigurationList section */
	};
	rootObject = 6FB9C1691C5186BC00893140 /* Project object */;
}
